
Microsoft Visual Studio Solution File, Format Version 12.00
# Visual Studio Version 17
VisualStudioVersion = 17.2.32630.192
MinimumVisualStudioVersion = 10.0.40219.1
Project("{9A19103F-16F7-4668-BE54-9A1E7A4F7556}") = "InProcessBindings", "InProcessBindings\InProcessBindings.csproj", "{2AAD5B2B-E6EF-45FB-B183-E8D2C3DD4E99}"
EndProject
Project("{FAE04EC0-301F-11D3-BF4B-00C04F79EFBC}") = "InProcessFunctionApp", "InProcessFunctionApp\InProcessFunctionApp.csproj", "{5CC0EB0F-87E2-4D31-A4C9-7D3C8BCD3E5D}"
EndProject
Global
	GlobalSection(SolutionConfigurationPlatforms) = preSolution
		Debug|Any CPU = Debug|Any CPU
		Release|Any CPU = Release|Any CPU
	EndGlobalSection
	GlobalSection(ProjectConfigurationPlatforms) = postSolution
		{2AAD5B2B-E6EF-45FB-B183-E8D2C3DD4E99}.Debug|Any CPU.ActiveCfg = Debug|Any CPU
		{2AAD5B2B-E6EF-45FB-B183-E8D2C3DD4E99}.Debug|Any CPU.Build.0 = Debug|Any CPU
		{2AAD5B2B-E6EF-45FB-B183-E8D2C3DD4E99}.Release|Any CPU.ActiveCfg = Release|Any CPU
		{2AAD5B2B-E6EF-45FB-B183-E8D2C3DD4E99}.Release|Any CPU.Build.0 = Release|Any CPU
		{5CC0EB0F-87E2-4D31-A4C9-7D3C8BCD3E5D}.Debug|Any CPU.ActiveCfg = Debug|Any CPU
		{5CC0EB0F-87E2-4D31-A4C9-7D3C8BCD3E5D}.Debug|Any CPU.Build.0 = Debug|Any CPU
		{5CC0EB0F-87E2-4D31-A4C9-7D3C8BCD3E5D}.Release|Any CPU.ActiveCfg = Release|Any CPU
		{5CC0EB0F-87E2-4D31-A4C9-7D3C8BCD3E5D}.Release|Any CPU.Build.0 = Release|Any CPU
	EndGlobalSection
	GlobalSection(SolutionProperties) = preSolution
		HideSolutionNode = FALSE
	EndGlobalSection
	GlobalSection(ExtensibilityGlobals) = postSolution
		SolutionGuid = {C3C9D980-FA40-4C66-B4EE-7606E1461892}
	EndGlobalSection
EndGlobal
