
Microsoft Visual Studio Solution File, Format Version 12.00
# Visual Studio Version 17
VisualStudioVersion = 17.2.32630.192
MinimumVisualStudioVersion = 10.0.40219.1
Project("{9A19103F-16F7-4668-BE54-9A1E7A4F7556}") = "IsolatedWorkerFunctionApp", "IsolatedWorkerFunctionApp\IsolatedWorkerFunctionApp.csproj", "{A2067FC1-961C-463E-91C6-35A7C2223FCD}"
EndProject
Project("{9A19103F-16F7-4668-BE54-9A1E7A4F7556}") = "IsolatedWorkerBindings", "IsolatedWorkerBindings\IsolatedWorkerBindings.csproj", "{18BEC271-0D41-404F-BD84-790F04BB1CB8}"
EndProject
Global
	GlobalSection(SolutionConfigurationPlatforms) = preSolution
		Debug|Any CPU = Debug|Any CPU
		Release|Any CPU = Release|Any CPU
	EndGlobalSection
	GlobalSection(ProjectConfigurationPlatforms) = postSolution
		{A2067FC1-961C-463E-91C6-35A7C2223FCD}.Debug|Any CPU.ActiveCfg = Debug|Any CPU
		{A2067FC1-961C-463E-91C6-35A7C2223FCD}.Debug|Any CPU.Build.0 = Debug|Any CPU
		{A2067FC1-961C-463E-91C6-35A7C2223FCD}.Release|Any CPU.ActiveCfg = Release|Any CPU
		{A2067FC1-961C-463E-91C6-35A7C2223FCD}.Release|Any CPU.Build.0 = Release|Any CPU
		{18BEC271-0D41-404F-BD84-790F04BB1CB8}.Debug|Any CPU.ActiveCfg = Debug|Any CPU
		{18BEC271-0D41-404F-BD84-790F04BB1CB8}.Debug|Any CPU.Build.0 = Debug|Any CPU
		{18BEC271-0D41-404F-BD84-790F04BB1CB8}.Release|Any CPU.ActiveCfg = Release|Any CPU
		{18BEC271-0D41-404F-BD84-790F04BB1CB8}.Release|Any CPU.Build.0 = Release|Any CPU
	EndGlobalSection
	GlobalSection(SolutionProperties) = preSolution
		HideSolutionNode = FALSE
	EndGlobalSection
	GlobalSection(ExtensibilityGlobals) = postSolution
		SolutionGuid = {95D5D944-6E17-4A78-97FF-BD2D04B0852B}
	EndGlobalSection
EndGlobal
